// !$*UTF8*$!
{
	archiveVersion = 1;
	classes = {
	};
	objectVersion = 46;
	objects = {

/* Begin PBXBuildFile section */
		7A7CA3771C065380001F9B7C /* AppDelegate.swift in Sources */ = {isa = PBXBuildFile; fileRef = 7A7CA3761C065380001F9B7C /* AppDelegate.swift */; };
		7A7CA3791C065380001F9B7C /* HomeViewController.swift in Sources */ = {isa = PBXBuildFile; fileRef = 7A7CA3781C065380001F9B7C /* HomeViewController.swift */; };
		7A7CA37C1C065380001F9B7C /* Main.storyboard in Resources */ = {isa = PBXBuildFile; fileRef = 7A7CA37A1C065380001F9B7C /* Main.storyboard */; };
		7A7CA37E1C065380001F9B7C /* Assets.xcassets in Resources */ = {isa = PBXBuildFile; fileRef = 7A7CA37D1C065380001F9B7C /* Assets.xcassets */; };
		7A7CA3811C065380001F9B7C /* LaunchScreen.storyboard in Resources */ = {isa = PBXBuildFile; fileRef = 7A7CA37F1C065380001F9B7C /* LaunchScreen.storyboard */; };
		7A7CA38C1C065380001F9B7C /* MyPokedexTests.swift in Sources */ = {isa = PBXBuildFile; fileRef = 7A7CA38B1C065380001F9B7C /* MyPokedexTests.swift */; };
		7A7CA3971C065380001F9B7C /* MyPokedexUITests.swift in Sources */ = {isa = PBXBuildFile; fileRef = 7A7CA3961C065380001F9B7C /* MyPokedexUITests.swift */; };
		7A7CA3A51C0654EB001F9B7C /* Pokedex.swift in Sources */ = {isa = PBXBuildFile; fileRef = 7A7CA3A41C0654EB001F9B7C /* Pokedex.swift */; };
/* End PBXBuildFile section */

/* Begin PBXContainerItemProxy section */
		7A7CA3881C065380001F9B7C /* PBXContainerItemProxy */ = {
			isa = PBXContainerItemProxy;
			containerPortal = 7A7CA36B1C065380001F9B7C /* Project object */;
			proxyType = 1;
			remoteGlobalIDString = 7A7CA3721C065380001F9B7C;
			remoteInfo = MyPokedex;
		};
		7A7CA3931C065380001F9B7C /* PBXContainerItemProxy */ = {
			isa = PBXContainerItemProxy;
			containerPortal = 7A7CA36B1C065380001F9B7C /* Project object */;
			proxyType = 1;
			remoteGlobalIDString = 7A7CA3721C065380001F9B7C;
			remoteInfo = MyPokedex;
		};
/* End PBXContainerItemProxy section */

/* Begin PBXFileReference section */
		7A7CA3731C065380001F9B7C /* MyPokedex.app */ = {isa = PBXFileReference; explicitFileType = wrapper.application; includeInIndex = 0; path = MyPokedex.app; sourceTree = BUILT_PRODUCTS_DIR; };
		7A7CA3761C065380001F9B7C /* AppDelegate.swift */ = {isa = PBXFileReference; lastKnownFileType = sourcecode.swift; path = AppDelegate.swift; sourceTree = "<group>"; };
		7A7CA3781C065380001F9B7C /* HomeViewController.swift */ = {isa = PBXFileReference; lastKnownFileType = sourcecode.swift; path = HomeViewController.swift; sourceTree = "<group>"; };
		7A7CA37B1C065380001F9B7C /* Base */ = {isa = PBXFileReference; lastKnownFileType = file.storyboard; name = Base; path = Base.lproj/Main.storyboard; sourceTree = "<group>"; };
		7A7CA37D1C065380001F9B7C /* Assets.xcassets */ = {isa = PBXFileReference; lastKnownFileType = folder.assetcatalog; path = Assets.xcassets; sourceTree = "<group>"; };
		7A7CA3801C065380001F9B7C /* Base */ = {isa = PBXFileReference; lastKnownFileType = file.storyboard; name = Base; path = Base.lproj/LaunchScreen.storyboard; sourceTree = "<group>"; };
		7A7CA3821C065380001F9B7C /* Info.plist */ = {isa = PBXFileReference; lastKnownFileType = text.plist.xml; path = Info.plist; sourceTree = "<group>"; };
		7A7CA3871C065380001F9B7C /* MyPokedexTests.xctest */ = {isa = PBXFileReference; explicitFileType = wrapper.cfbundle; includeInIndex = 0; path = MyPokedexTests.xctest; sourceTree = BUILT_PRODUCTS_DIR; };
		7A7CA38B1C065380001F9B7C /* MyPokedexTests.swift */ = {isa = PBXFileReference; lastKnownFileType = sourcecode.swift; path = MyPokedexTests.swift; sourceTree = "<group>"; };
		7A7CA38D1C065380001F9B7C /* Info.plist */ = {isa = PBXFileReference; lastKnownFileType = text.plist.xml; path = Info.plist; sourceTree = "<group>"; };
		7A7CA3921C065380001F9B7C /* MyPokedexUITests.xctest */ = {isa = PBXFileReference; explicitFileType = wrapper.cfbundle; includeInIndex = 0; path = MyPokedexUITests.xctest; sourceTree = BUILT_PRODUCTS_DIR; };
		7A7CA3961C065380001F9B7C /* MyPokedexUITests.swift */ = {isa = PBXFileReference; lastKnownFileType = sourcecode.swift; path = MyPokedexUITests.swift; sourceTree = "<group>"; };
		7A7CA3981C065380001F9B7C /* Info.plist */ = {isa = PBXFileReference; lastKnownFileType = text.plist.xml; path = Info.plist; sourceTree = "<group>"; };
		7A7CA3A41C0654EB001F9B7C /* Pokedex.swift */ = {isa = PBXFileReference; fileEncoding = 4; lastKnownFileType = sourcecode.swift; path = Pokedex.swift; sourceTree = "<group>"; };
/* End PBXFileReference section */

/* Begin PBXFrameworksBuildPhase section */
		7A7CA3701C065380001F9B7C /* Frameworks */ = {
			isa = PBXFrameworksBuildPhase;
			buildActionMask = 2147483647;
			files = (
			);
			runOnlyForDeploymentPostprocessing = 0;
		};
		7A7CA3841C065380001F9B7C /* Frameworks */ = {
			isa = PBXFrameworksBuildPhase;
			buildActionMask = 2147483647;
			files = (
			);
			runOnlyForDeploymentPostprocessing = 0;
		};
		7A7CA38F1C065380001F9B7C /* Frameworks */ = {
			isa = PBXFrameworksBuildPhase;
			buildActionMask = 2147483647;
			files = (
			);
			runOnlyForDeploymentPostprocessing = 0;
		};
/* End PBXFrameworksBuildPhase section */

/* Begin PBXGroup section */
		7A7CA36A1C065380001F9B7C = {
			isa = PBXGroup;
			children = (
				7A7CA3751C065380001F9B7C /* MyPokedex */,
				7A7CA38A1C065380001F9B7C /* MyPokedexTests */,
				7A7CA3951C065380001F9B7C /* MyPokedexUITests */,
				7A7CA3741C065380001F9B7C /* Products */,
			);
			sourceTree = "<group>";
		};
		7A7CA3741C065380001F9B7C /* Products */ = {
			isa = PBXGroup;
			children = (
				7A7CA3731C065380001F9B7C /* MyPokedex.app */,
				7A7CA3871C065380001F9B7C /* MyPokedexTests.xctest */,
				7A7CA3921C065380001F9B7C /* MyPokedexUITests.xctest */,
			);
			name = Products;
			sourceTree = "<group>";
		};
		7A7CA3751C065380001F9B7C /* MyPokedex */ = {
			isa = PBXGroup;
			children = (
				7A7CA3A41C0654EB001F9B7C /* Pokedex.swift */,
				7A7CA3761C065380001F9B7C /* AppDelegate.swift */,
				7A7CA3781C065380001F9B7C /* HomeViewController.swift */,
				7A7CA37A1C065380001F9B7C /* Main.storyboard */,
				7A7CA37D1C065380001F9B7C /* Assets.xcassets */,
				7A7CA37F1C065380001F9B7C /* LaunchScreen.storyboard */,
				7A7CA3821C065380001F9B7C /* Info.plist */,
			);
			path = MyPokedex;
			sourceTree = "<group>";
		};
		7A7CA38A1C065380001F9B7C /* MyPokedexTests */ = {
			isa = PBXGroup;
			children = (
				7A7CA38B1C065380001F9B7C /* MyPokedexTests.swift */,
				7A7CA38D1C065380001F9B7C /* Info.plist */,
			);
			path = MyPokedexTests;
			sourceTree = "<group>";
		};
		7A7CA3951C065380001F9B7C /* MyPokedexUITests */ = {
			isa = PBXGroup;
			children = (
				7A7CA3961C065380001F9B7C /* MyPokedexUITests.swift */,
				7A7CA3981C065380001F9B7C /* Info.plist */,
			);
			path = MyPokedexUITests;
			sourceTree = "<group>";
		};
/* End PBXGroup section */

/* Begin PBXNativeTarget section */
		7A7CA3721C065380001F9B7C /* MyPokedex */ = {
			isa = PBXNativeTarget;
			buildConfigurationList = 7A7CA39B1C065380001F9B7C /* Build configuration list for PBXNativeTarget "MyPokedex" */;
			buildPhases = (
				7A7CA36F1C065380001F9B7C /* Sources */,
				7A7CA3701C065380001F9B7C /* Frameworks */,
				7A7CA3711C065380001F9B7C /* Resources */,
			);
			buildRules = (
			);
			dependencies = (
			);
			name = MyPokedex;
			productName = MyPokedex;
			productReference = 7A7CA3731C065380001F9B7C /* MyPokedex.app */;
			productType = "com.apple.product-type.application";
		};
		7A7CA3861C065380001F9B7C /* MyPokedexTests */ = {
			isa = PBXNativeTarget;
			buildConfigurationList = 7A7CA39E1C065380001F9B7C /* Build configuration list for PBXNativeTarget "MyPokedexTests" */;
			buildPhases = (
				7A7CA3831C065380001F9B7C /* Sources */,
				7A7CA3841C065380001F9B7C /* Frameworks */,
				7A7CA3851C065380001F9B7C /* Resources */,
			);
			buildRules = (
			);
			dependencies = (
				7A7CA3891C065380001F9B7C /* PBXTargetDependency */,
			);
			name = MyPokedexTests;
			productName = MyPokedexTests;
			productReference = 7A7CA3871C065380001F9B7C /* MyPokedexTests.xctest */;
			productType = "com.apple.product-type.bundle.unit-test";
		};
		7A7CA3911C065380001F9B7C /* MyPokedexUITests */ = {
			isa = PBXNativeTarget;
			buildConfigurationList = 7A7CA3A11C065380001F9B7C /* Build configuration list for PBXNativeTarget "MyPokedexUITests" */;
			buildPhases = (
				7A7CA38E1C065380001F9B7C /* Sources */,
				7A7CA38F1C065380001F9B7C /* Frameworks */,
				7A7CA3901C065380001F9B7C /* Resources */,
			);
			buildRules = (
			);
			dependencies = (
				7A7CA3941C065380001F9B7C /* PBXTargetDependency */,
			);
			name = MyPokedexUITests;
			productName = MyPokedexUITests;
			productReference = 7A7CA3921C065380001F9B7C /* MyPokedexUITests.xctest */;
			productType = "com.apple.product-type.bundle.ui-testing";
		};
/* End PBXNativeTarget section */

/* Begin PBXProject section */
		7A7CA36B1C065380001F9B7C /* Project object */ = {
			isa = PBXProject;
			attributes = {
				LastSwiftUpdateCheck = 0710;
				LastUpgradeCheck = 0710;
				ORGANIZATIONNAME = Okaypokemon;
				TargetAttributes = {
					7A7CA3721C065380001F9B7C = {
						CreatedOnToolsVersion = 7.1.1;
					};
					7A7CA3861C065380001F9B7C = {
						CreatedOnToolsVersion = 7.1.1;
						TestTargetID = 7A7CA3721C065380001F9B7C;
					};
					7A7CA3911C065380001F9B7C = {
						CreatedOnToolsVersion = 7.1.1;
						TestTargetID = 7A7CA3721C065380001F9B7C;
					};
				};
			};
			buildConfigurationList = 7A7CA36E1C065380001F9B7C /* Build configuration list for PBXProject "MyPokedex" */;
			compatibilityVersion = "Xcode 3.2";
			developmentRegion = English;
			hasScannedForEncodings = 0;
			knownRegions = (
				en,
				Base,
			);
			mainGroup = 7A7CA36A1C065380001F9B7C;
			productRefGroup = 7A7CA3741C065380001F9B7C /* Products */;
			projectDirPath = "";
			projectRoot = "";
			targets = (
				7A7CA3721C065380001F9B7C /* MyPokedex */,
				7A7CA3861C065380001F9B7C /* MyPokedexTests */,
				7A7CA3911C065380001F9B7C /* MyPokedexUITests */,
			);
		};
/* End PBXProject section */

/* Begin PBXResourcesBuildPhase section */
		7A7CA3711C065380001F9B7C /* Resources */ = {
			isa = PBXResourcesBuildPhase;
			buildActionMask = 2147483647;
			files = (
				7A7CA3811C065380001F9B7C /* LaunchScreen.storyboard in Resources */,
				7A7CA37E1C065380001F9B7C /* Assets.xcassets in Resources */,
				7A7CA37C1C065380001F9B7C /* Main.storyboard in Resources */,
			);
			runOnlyForDeploymentPostprocessing = 0;
		};
		7A7CA3851C065380001F9B7C /* Resources */ = {
			isa = PBXResourcesBuildPhase;
			buildActionMask = 2147483647;
			files = (
			);
			runOnlyForDeploymentPostprocessing = 0;
		};
		7A7CA3901C065380001F9B7C /* Resources */ = {
			isa = PBXResourcesBuildPhase;
			buildActionMask = 2147483647;
			files = (
			);
			runOnlyForDeploymentPostprocessing = 0;
		};
/* End PBXResourcesBuildPhase section */

/* Begin PBXSourcesBuildPhase section */
		7A7CA36F1C065380001F9B7C /* Sources */ = {
			isa = PBXSourcesBuildPhase;
			buildActionMask = 2147483647;
			files = (
				7A7CA3791C065380001F9B7C /* HomeViewController.swift in Sources */,
				7A7CA3771C065380001F9B7C /* AppDelegate.swift in Sources */,
				7A7CA3A51C0654EB001F9B7C /* Pokedex.swift in Sources */,
			);
			runOnlyForDeploymentPostprocessing = 0;
		};
		7A7CA3831C065380001F9B7C /* Sources */ = {
			isa = PBXSourcesBuildPhase;
			buildActionMask = 2147483647;
			files = (
				7A7CA38C1C065380001F9B7C /* MyPokedexTests.swift in Sources */,
			);
			runOnlyForDeploymentPostprocessing = 0;
		};
		7A7CA38E1C065380001F9B7C /* Sources */ = {
			isa = PBXSourcesBuildPhase;
			buildActionMask = 2147483647;
			files = (
				7A7CA3971C065380001F9B7C /* MyPokedexUITests.swift in Sources */,
			);
			runOnlyForDeploymentPostprocessing = 0;
		};
/* End PBXSourcesBuildPhase section */

/* Begin PBXTargetDependency section */
		7A7CA3891C065380001F9B7C /* PBXTargetDependency */ = {
			isa = PBXTargetDependency;
			target = 7A7CA3721C065380001F9B7C /* MyPokedex */;
			targetProxy = 7A7CA3881C065380001F9B7C /* PBXContainerItemProxy */;
		};
		7A7CA3941C065380001F9B7C /* PBXTargetDependency */ = {
			isa = PBXTargetDependency;
			target = 7A7CA3721C065380001F9B7C /* MyPokedex */;
			targetProxy = 7A7CA3931C065380001F9B7C /* PBXContainerItemProxy */;
		};
/* End PBXTargetDependency section */

/* Begin PBXVariantGroup section */
		7A7CA37A1C065380001F9B7C /* Main.storyboard */ = {
			isa = PBXVariantGroup;
			children = (
				7A7CA37B1C065380001F9B7C /* Base */,
			);
			name = Main.storyboard;
			sourceTree = "<group>";
		};
		7A7CA37F1C065380001F9B7C /* LaunchScreen.storyboard */ = {
			isa = PBXVariantGroup;
			children = (
				7A7CA3801C065380001F9B7C /* Base */,
			);
			name = LaunchScreen.storyboard;
			sourceTree = "<group>";
		};
/* End PBXVariantGroup section */

/* Begin XCBuildConfiguration section */
		7A7CA3991C065380001F9B7C /* Debug */ = {
			isa = XCBuildConfiguration;
			buildSettings = {
				ALWAYS_SEARCH_USER_PATHS = NO;
				CLANG_CXX_LANGUAGE_STANDARD = "gnu++0x";
				CLANG_CXX_LIBRARY = "libc++";
				CLANG_ENABLE_MODULES = YES;
				CLANG_ENABLE_OBJC_ARC = YES;
				CLANG_WARN_BOOL_CONVERSION = YES;
				CLANG_WARN_CONSTANT_CONVERSION = YES;
				CLANG_WARN_DIRECT_OBJC_ISA_USAGE = YES_ERROR;
				CLANG_WARN_EMPTY_BODY = YES;
				CLANG_WARN_ENUM_CONVERSION = YES;
				CLANG_WARN_INT_CONVERSION = YES;
				CLANG_WARN_OBJC_ROOT_CLASS = YES_ERROR;
				CLANG_WARN_UNREACHABLE_CODE = YES;
				CLANG_WARN__DUPLICATE_METHOD_MATCH = YES;
				"CODE_SIGN_IDENTITY[sdk=iphoneos*]" = "iPhone Developer";
				COPY_PHASE_STRIP = NO;
				DEBUG_INFORMATION_FORMAT = dwarf;
				ENABLE_STRICT_OBJC_MSGSEND = YES;
				ENABLE_TESTABILITY = YES;
				GCC_C_LANGUAGE_STANDARD = gnu99;
				GCC_DYNAMIC_NO_PIC = NO;
				GCC_NO_COMMON_BLOCKS = YES;
				GCC_OPTIMIZATION_LEVEL = 0;
				GCC_PREPROCESSOR_DEFINITIONS = (
					"DEBUG=1",
					"$(inherited)",
				);
				GCC_WARN_64_TO_32_BIT_CONVERSION = YES;
				GCC_WARN_ABOUT_RETURN_TYPE = YES_ERROR;
				GCC_WARN_UNDECLARED_SELECTOR = YES;
				GCC_WARN_UNINITIALIZED_AUTOS = YES_AGGRESSIVE;
				GCC_WARN_UNUSED_FUNCTION = YES;
				GCC_WARN_UNUSED_VARIABLE = YES;
				IPHONEOS_DEPLOYMENT_TARGET = 9.1;
				MTL_ENABLE_DEBUG_INFO = YES;
				ONLY_ACTIVE_ARCH = YES;
				SDKROOT = iphoneos;
				SWIFT_OPTIMIZATION_LEVEL = "-Onone";
			};
			name = Debug;
		};
		7A7CA39A1C065380001F9B7C /* Release */ = {
			isa = XCBuildConfiguration;
			buildSettings = {
				ALWAYS_SEARCH_USER_PATHS = NO;
				CLANG_CXX_LANGUAGE_STANDARD = "gnu++0x";
				CLANG_CXX_LIBRARY = "libc++";
				CLANG_ENABLE_MODULES = YES;
				CLANG_ENABLE_OBJC_ARC = YES;
				CLANG_WARN_BOOL_CONVERSION = YES;
				CLANG_WARN_CONSTANT_CONVERSION = YES;
				CLANG_WARN_DIRECT_OBJC_ISA_USAGE = YES_ERROR;
				CLANG_WARN_EMPTY_BODY = YES;
				CLANG_WARN_ENUM_CONVERSION = YES;
				CLANG_WARN_INT_CONVERSION = YES;
				CLANG_WARN_OBJC_ROOT_CLASS = YES_ERROR;
				CLANG_WARN_UNREACHABLE_CODE = YES;
				CLANG_WARN__DUPLICATE_METHOD_MATCH = YES;
				"CODE_SIGN_IDENTITY[sdk=iphoneos*]" = "iPhone Developer";
				COPY_PHASE_STRIP = NO;
				DEBUG_INFORMATION_FORMAT = "dwarf-with-dsym";
				ENABLE_NS_ASSERTIONS = NO;
				ENABLE_STRICT_OBJC_MSGSEND = YES;
				GCC_C_LANGUAGE_STANDARD = gnu99;
				GCC_NO_COMMON_BLOCKS = YES;
				GCC_WARN_64_TO_32_BIT_CONVERSION = YES;
				GCC_WARN_ABOUT_RETURN_TYPE = YES_ERROR;
				GCC_WARN_UNDECLARED_SELECTOR = YES;
				GCC_WARN_UNINITIALIZED_AUTOS = YES_AGGRESSIVE;
				GCC_WARN_UNUSED_FUNCTION = YES;
				GCC_WARN_UNUSED_VARIABLE = YES;
				IPHONEOS_DEPLOYMENT_TARGET = 9.1;
				MTL_ENABLE_DEBUG_INFO = NO;
				SDKROOT = iphoneos;
				VALIDATE_PRODUCT = YES;
			};
			name = Release;
		};
		7A7CA39C1C065380001F9B7C /* Debug */ = {
			isa = XCBuildConfiguration;
			buildSettings = {
				ASSETCATALOG_COMPILER_APPICON_NAME = AppIcon;
				INFOPLIST_FILE = MyPokedex/Info.plist;
				LD_RUNPATH_SEARCH_PATHS = "$(inherited) @executable_path/Frameworks";
				PRODUCT_BUNDLE_IDENTIFIER = com.okaypokemon.MyPokedex;
				PRODUCT_NAME = "$(TARGET_NAME)";
			};
			name = Debug;
		};
		7A7CA39D1C065380001F9B7C /* Release */ = {
			isa = XCBuildConfiguration;
			buildSettings = {
				ASSETCATALOG_COMPILER_APPICON_NAME = AppIcon;
				INFOPLIST_FILE = MyPokedex/Info.plist;
				LD_RUNPATH_SEARCH_PATHS = "$(inherited) @executable_path/Frameworks";
				PRODUCT_BUNDLE_IDENTIFIER = com.okaypokemon.MyPokedex;
				PRODUCT_NAME = "$(TARGET_NAME)";
			};
			name = Release;
		};
		7A7CA39F1C065380001F9B7C /* Debug */ = {
			isa = XCBuildConfiguration;
			buildSettings = {
				BUNDLE_LOADER = "$(TEST_HOST)";
				INFOPLIST_FILE = MyPokedexTests/Info.plist;
				LD_RUNPATH_SEARCH_PATHS = "$(inherited) @executable_path/Frameworks @loader_path/Frameworks";
				PRODUCT_BUNDLE_IDENTIFIER = com.okaypokemon.MyPokedexTests;
				PRODUCT_NAME = "$(TARGET_NAME)";
				TEST_HOST = "$(BUILT_PRODUCTS_DIR)/MyPokedex.app/MyPokedex";
			};
			name = Debug;
		};
		7A7CA3A01C065380001F9B7C /* Release */ = {
			isa = XCBuildConfiguration;
			buildSettings = {
				BUNDLE_LOADER = "$(TEST_HOST)";
				INFOPLIST_FILE = MyPokedexTests/Info.plist;
				LD_RUNPATH_SEARCH_PATHS = "$(inherited) @executable_path/Frameworks @loader_path/Frameworks";
				PRODUCT_BUNDLE_IDENTIFIER = com.okaypokemon.MyPokedexTests;
				PRODUCT_NAME = "$(TARGET_NAME)";
				TEST_HOST = "$(BUILT_PRODUCTS_DIR)/MyPokedex.app/MyPokedex";
			};
			name = Release;
		};
		7A7CA3A21C065380001F9B7C /* Debug */ = {
			isa = XCBuildConfiguration;
			buildSettings = {
				INFOPLIST_FILE = MyPokedexUITests/Info.plist;
				LD_RUNPATH_SEARCH_PATHS = "$(inherited) @executable_path/Frameworks @loader_path/Frameworks";
				PRODUCT_BUNDLE_IDENTIFIER = com.okaypokemon.MyPokedexUITests;
				PRODUCT_NAME = "$(TARGET_NAME)";
				TEST_TARGET_NAME = MyPokedex;
				USES_XCTRUNNER = YES;
			};
			name = Debug;
		};
		7A7CA3A31C065380001F9B7C /* Release */ = {
			isa = XCBuildConfiguration;
			buildSettings = {
				INFOPLIST_FILE = MyPokedexUITests/Info.plist;
				LD_RUNPATH_SEARCH_PATHS = "$(inherited) @executable_path/Frameworks @loader_path/Frameworks";
				PRODUCT_BUNDLE_IDENTIFIER = com.okaypokemon.MyPokedexUITests;
				PRODUCT_NAME = "$(TARGET_NAME)";
				TEST_TARGET_NAME = MyPokedex;
				USES_XCTRUNNER = YES;
			};
			name = Release;
		};
/* End XCBuildConfiguration section */

/* Begin XCConfigurationList section */
		7A7CA36E1C065380001F9B7C /* Build configuration list for PBXProject "MyPokedex" */ = {
			isa = XCConfigurationList;
			buildConfigurations = (
				7A7CA3991C065380001F9B7C /* Debug */,
				7A7CA39A1C065380001F9B7C /* Release */,
			);
			defaultConfigurationIsVisible = 0;
			defaultConfigurationName = Release;
		};
		7A7CA39B1C065380001F9B7C /* Build configuration list for PBXNativeTarget "MyPokedex" */ = {
			isa = XCConfigurationList;
			buildConfigurations = (
				7A7CA39C1C065380001F9B7C /* Debug */,
				7A7CA39D1C065380001F9B7C /* Release */,
			);
			defaultConfigurationIsVisible = 0;
			defaultConfigurationName = Release;
		};
		7A7CA39E1C065380001F9B7C /* Build configuration list for PBXNativeTarget "MyPokedexTests" */ = {
			isa = XCConfigurationList;
			buildConfigurations = (
				7A7CA39F1C065380001F9B7C /* Debug */,
				7A7CA3A01C065380001F9B7C /* Release */,
			);
			defaultConfigurationIsVisible = 0;
			defaultConfigurationName = Release;
		};
		7A7CA3A11C065380001F9B7C /* Build configuration list for PBXNativeTarget "MyPokedexUITests" */ = {
			isa = XCConfigurationList;
			buildConfigurations = (
				7A7CA3A21C065380001F9B7C /* Debug */,
				7A7CA3A31C065380001F9B7C /* Release */,
			);
			defaultConfigurationIsVisible = 0;
			defaultConfigurationName = Release;
		};
/* End XCConfigurationList section */
	};
	rootObject = 7A7CA36B1C065380001F9B7C /* Project object */;
}
